
Microsoft Visual Studio Solution File, Format Version 12.00
# Visual Studio 15
VisualStudioVersion = 15.0.27703.2018
MinimumVisualStudioVersion = 10.0.40219.1
Project("{9A19103F-16F7-4668-BE54-9A1E7A4F7556}") = "TopDownHeist.Server", "TopDownHeist.Server\TopDownHeist.Server.csproj", "{0A9C1640-0B85-4C5B-A61E-B16EA1ACF466}"
EndProject
Project("{E53339B2-1760-4266-BCC7-CA923CBCF16C}") = "docker-compose", "docker-compose.dcproj", "{80FBCBA8-29F7-4465-9553-AD3EA4455D27}"
EndProject
Global
	GlobalSection(SolutionConfigurationPlatforms) = preSolution
		Debug|Any CPU = Debug|Any CPU
		Release|Any CPU = Release|Any CPU
	EndGlobalSection
	GlobalSection(ProjectConfigurationPlatforms) = postSolution
		{0A9C1640-0B85-4C5B-A61E-B16EA1ACF466}.Debug|Any CPU.ActiveCfg = Debug|Any CPU
		{0A9C1640-0B85-4C5B-A61E-B16EA1ACF466}.Debug|Any CPU.Build.0 = Debug|Any CPU
		{0A9C1640-0B85-4C5B-A61E-B16EA1ACF466}.Release|Any CPU.ActiveCfg = Release|Any CPU
		{0A9C1640-0B85-4C5B-A61E-B16EA1ACF466}.Release|Any CPU.Build.0 = Release|Any CPU
		{80FBCBA8-29F7-4465-9553-AD3EA4455D27}.Debug|Any CPU.ActiveCfg = Debug|Any CPU
		{80FBCBA8-29F7-4465-9553-AD3EA4455D27}.Debug|Any CPU.Build.0 = Debug|Any CPU
		{80FBCBA8-29F7-4465-9553-AD3EA4455D27}.Release|Any CPU.ActiveCfg = Release|Any CPU
		{80FBCBA8-29F7-4465-9553-AD3EA4455D27}.Release|Any CPU.Build.0 = Release|Any CPU
	EndGlobalSection
	GlobalSection(SolutionProperties) = preSolution
		HideSolutionNode = FALSE
	EndGlobalSection
	GlobalSection(ExtensibilityGlobals) = postSolution
		SolutionGuid = {83F81236-3253-4D84-ADF9-7BE1F21515A8}
	EndGlobalSection
EndGlobal
